
Microsoft Visual Studio Solution File, Format Version 12.00
# Visual Studio Version 16
VisualStudioVersion = 16.0.31515.178
MinimumVisualStudioVersion = 10.0.40219.1
Project("{FAE04EC0-301F-11D3-BF4B-00C04F79EFBC}") = "GHealthCheckExample", "GHealthCheckExample\GHealthCheckExample.csproj", "{6597DAFF-46FE-4C82-A637-552C6BC6CE69}"
EndProject
Project("{2150E333-8FDC-42A3-9474-1A3956D46DE8}") = "Solution Items", "Solution Items", "{0C480709-7EA6-45BF-B7AA-041C1ACBADC3}"
	ProjectSection(SolutionItems) = preProject
		.editorconfig = .editorconfig
		docker-compose.yml = docker-compose.yml
	EndProjectSection
EndProject
Global
	GlobalSection(SolutionConfigurationPlatforms) = preSolution
		Debug|Any CPU = Debug|Any CPU
		Release|Any CPU = Release|Any CPU
	EndGlobalSection
	GlobalSection(ProjectConfigurationPlatforms) = postSolution
		{6597DAFF-46FE-4C82-A637-552C6BC6CE69}.Debug|Any CPU.ActiveCfg = Debug|Any CPU
		{6597DAFF-46FE-4C82-A637-552C6BC6CE69}.Debug|Any CPU.Build.0 = Debug|Any CPU
		{6597DAFF-46FE-4C82-A637-552C6BC6CE69}.Release|Any CPU.ActiveCfg = Release|Any CPU
		{6597DAFF-46FE-4C82-A637-552C6BC6CE69}.Release|Any CPU.Build.0 = Release|Any CPU
	EndGlobalSection
	GlobalSection(SolutionProperties) = preSolution
		HideSolutionNode = FALSE
	EndGlobalSection
	GlobalSection(ExtensibilityGlobals) = postSolution
		SolutionGuid = {36F40403-EE97-4A21-9927-C39F07CC7F14}
	EndGlobalSection
EndGlobal
